
Microsoft Visual Studio Solution File, Format Version 12.00
# Visual Studio Version 16
VisualStudioVersion = 16.0.30011.22
MinimumVisualStudioVersion = 10.0.40219.1
Project("{FAE04EC0-301F-11D3-BF4B-00C04F79EFBC}") = "TechInvMgmt", "TechInvMgmt\TechInvMgmt.csproj", "{A91D037F-94ED-463D-B2D1-C4600EFE0870}"
EndProject
Global
	GlobalSection(SolutionConfigurationPlatforms) = preSolution
		Debug|Any CPU = Debug|Any CPU
		Release|Any CPU = Release|Any CPU
	EndGlobalSection
	GlobalSection(ProjectConfigurationPlatforms) = postSolution
		{A91D037F-94ED-463D-B2D1-C4600EFE0870}.Debug|Any CPU.ActiveCfg = Debug|Any CPU
		{A91D037F-94ED-463D-B2D1-C4600EFE0870}.Debug|Any CPU.Build.0 = Debug|Any CPU
		{A91D037F-94ED-463D-B2D1-C4600EFE0870}.Release|Any CPU.ActiveCfg = Release|Any CPU
		{A91D037F-94ED-463D-B2D1-C4600EFE0870}.Release|Any CPU.Build.0 = Release|Any CPU
	EndGlobalSection
	GlobalSection(SolutionProperties) = preSolution
		HideSolutionNode = FALSE
	EndGlobalSection
	GlobalSection(ExtensibilityGlobals) = postSolution
		SolutionGuid = {6A03A264-64F8-4964-8CF8-D1256BED6C0B}
	EndGlobalSection
EndGlobal
